
Microsoft Visual Studio Solution File, Format Version 12.00
# Visual Studio Version 17
VisualStudioVersion = 17.11.35327.3
MinimumVisualStudioVersion = 10.0.40219.1
Project("{FAE04EC0-301F-11D3-BF4B-00C04F79EFBC}") = "BUS", "BUS\BUS.csproj", "{618DF9A1-F7A7-4EFB-9540-E603F5DC20BC}"
EndProject
Project("{FAE04EC0-301F-11D3-BF4B-00C04F79EFBC}") = "DAO", "DAL\DAO.csproj", "{742D0DD3-5F51-48A5-81BF-8FE445F456D8}"
EndProject
Project("{FAE04EC0-301F-11D3-BF4B-00C04F79EFBC}") = "GUI", "GUI\GUI.csproj", "{A3CB3FD5-EBBA-4088-A83C-58A642269F74}"
EndProject
Project("{FAE04EC0-301F-11D3-BF4B-00C04F79EFBC}") = "DTO", "DTO\DTO.csproj", "{6F33DDC3-099F-4DFB-8C22-D03D9F91A5CE}"
EndProject
Global
	GlobalSection(SolutionConfigurationPlatforms) = preSolution
		Debug|Any CPU = Debug|Any CPU
		Release|Any CPU = Release|Any CPU
	EndGlobalSection
	GlobalSection(ProjectConfigurationPlatforms) = postSolution
		{618DF9A1-F7A7-4EFB-9540-E603F5DC20BC}.Debug|Any CPU.ActiveCfg = Debug|Any CPU
		{618DF9A1-F7A7-4EFB-9540-E603F5DC20BC}.Debug|Any CPU.Build.0 = Debug|Any CPU
		{618DF9A1-F7A7-4EFB-9540-E603F5DC20BC}.Release|Any CPU.ActiveCfg = Release|Any CPU
		{618DF9A1-F7A7-4EFB-9540-E603F5DC20BC}.Release|Any CPU.Build.0 = Release|Any CPU
		{742D0DD3-5F51-48A5-81BF-8FE445F456D8}.Debug|Any CPU.ActiveCfg = Debug|Any CPU
		{742D0DD3-5F51-48A5-81BF-8FE445F456D8}.Debug|Any CPU.Build.0 = Debug|Any CPU
		{742D0DD3-5F51-48A5-81BF-8FE445F456D8}.Release|Any CPU.ActiveCfg = Release|Any CPU
		{742D0DD3-5F51-48A5-81BF-8FE445F456D8}.Release|Any CPU.Build.0 = Release|Any CPU
		{A3CB3FD5-EBBA-4088-A83C-58A642269F74}.Debug|Any CPU.ActiveCfg = Debug|Any CPU
		{A3CB3FD5-EBBA-4088-A83C-58A642269F74}.Debug|Any CPU.Build.0 = Debug|Any CPU
		{A3CB3FD5-EBBA-4088-A83C-58A642269F74}.Release|Any CPU.ActiveCfg = Release|Any CPU
		{A3CB3FD5-EBBA-4088-A83C-58A642269F74}.Release|Any CPU.Build.0 = Release|Any CPU
		{6F33DDC3-099F-4DFB-8C22-D03D9F91A5CE}.Debug|Any CPU.ActiveCfg = Debug|Any CPU
		{6F33DDC3-099F-4DFB-8C22-D03D9F91A5CE}.Debug|Any CPU.Build.0 = Debug|Any CPU
		{6F33DDC3-099F-4DFB-8C22-D03D9F91A5CE}.Release|Any CPU.ActiveCfg = Release|Any CPU
		{6F33DDC3-099F-4DFB-8C22-D03D9F91A5CE}.Release|Any CPU.Build.0 = Release|Any CPU
	EndGlobalSection
	GlobalSection(SolutionProperties) = preSolution
		HideSolutionNode = FALSE
	EndGlobalSection
	GlobalSection(ExtensibilityGlobals) = postSolution
		SolutionGuid = {282478DF-FAB1-44A9-8BAB-2A0912146FF4}
	EndGlobalSection
EndGlobal
